
Microsoft Visual Studio Solution File, Format Version 12.00
Project("{FAE04EC0-301F-11D3-BF4B-00C04F79EFBC}") = "Evaluation0", "Evaluation0\Evaluation0.csproj", "{FF40B15D-E47E-47DA-9164-0FF91F9E3A2D}"
EndProject
Global
	GlobalSection(SolutionConfigurationPlatforms) = preSolution
		Debug|Any CPU = Debug|Any CPU
		Release|Any CPU = Release|Any CPU
	EndGlobalSection
	GlobalSection(ProjectConfigurationPlatforms) = postSolution
		{FF40B15D-E47E-47DA-9164-0FF91F9E3A2D}.Debug|Any CPU.ActiveCfg = Debug|Any CPU
		{FF40B15D-E47E-47DA-9164-0FF91F9E3A2D}.Debug|Any CPU.Build.0 = Debug|Any CPU
		{FF40B15D-E47E-47DA-9164-0FF91F9E3A2D}.Release|Any CPU.ActiveCfg = Release|Any CPU
		{FF40B15D-E47E-47DA-9164-0FF91F9E3A2D}.Release|Any CPU.Build.0 = Release|Any CPU
	EndGlobalSection
EndGlobal
